# THIS IS AN AUTOGENERATED FILE. DO NOT EDIT THIS FILE DIRECTLY.
# yarn lockfile v1


"@types/memoize-one@^4.1.1":
  version "4.1.1"
  resolved "https://registry.yarnpkg.com/@types/memoize-one/-/memoize-one-4.1.1.tgz#41dd138a4335b5041f7d8fc038f9d593d88b3369"
  integrity sha512-+9djKUUn8hOyktLCfCy4hLaIPgDNovaU36fsnZe9trFHr6ddlbIn2q0SEsnkCkNR+pBWEU440Molz/+Mpyf+gQ==

memoize-one@^5.0.4:
  version "5.0.4"
  resolved "https://registry.yarnpkg.com/memoize-one/-/memoize-one-5.0.4.tgz#005928aced5c43d890a4dfab18ca908b0ec92cbc"
  integrity sha512-P0z5IeAH6qHHGkJIXWw0xC2HNEgkx/9uWWBQw64FJj3/ol14VYdfVGWWr0fXfjhhv3TKVIqUq65os6O4GUNksA==

typescript@^3.5.1:
  version "3.5.3"
  resolved "https://registry.yarnpkg.com/typescript/-/typescript-3.5.3.tgz#c830f657f93f1ea846819e929092f5fe5983e977"
  integrity sha512-ACzBtm/PhXBDId6a6sDJfroT2pOWt/oOnk4/dElG5G33ZL776N3Y6/6bKZJBFpd+b05F3Ct9qDjMeJmRWtE2/g==
